
Microsoft Visual Studio Solution File, Format Version 12.00
# Visual Studio Version 17
VisualStudioVersion = 17.5.33502.453
MinimumVisualStudioVersion = 10.0.40219.1
Project("{00D1A9C2-B5F0-4AF3-8072-F6C62B433612}") = "Skytrack_DB_Project", "Skytrack_DB_Project\Skytrack_DB_Project.sqlproj", "{840C8434-5C1A-48A9-81DE-C76DEF724D5F}"
EndProject
Global
	GlobalSection(SolutionConfigurationPlatforms) = preSolution
		Debug|Any CPU = Debug|Any CPU
		Release|Any CPU = Release|Any CPU
	EndGlobalSection
	GlobalSection(ProjectConfigurationPlatforms) = postSolution
		{840C8434-5C1A-48A9-81DE-C76DEF724D5F}.Debug|Any CPU.ActiveCfg = Debug|Any CPU
		{840C8434-5C1A-48A9-81DE-C76DEF724D5F}.Debug|Any CPU.Build.0 = Debug|Any CPU
		{840C8434-5C1A-48A9-81DE-C76DEF724D5F}.Debug|Any CPU.Deploy.0 = Debug|Any CPU
		{840C8434-5C1A-48A9-81DE-C76DEF724D5F}.Release|Any CPU.ActiveCfg = Release|Any CPU
		{840C8434-5C1A-48A9-81DE-C76DEF724D5F}.Release|Any CPU.Build.0 = Release|Any CPU
		{840C8434-5C1A-48A9-81DE-C76DEF724D5F}.Release|Any CPU.Deploy.0 = Release|Any CPU
	EndGlobalSection
	GlobalSection(SolutionProperties) = preSolution
		HideSolutionNode = FALSE
	EndGlobalSection
	GlobalSection(ExtensibilityGlobals) = postSolution
		SolutionGuid = {848CD2B1-06AA-4D8B-BCF1-8CC0F145DD75}
	EndGlobalSection
EndGlobal
